
Microsoft Visual Studio Solution File, Format Version 12.00
# Visual Studio Version 17
VisualStudioVersion = 17.1.32414.318
MinimumVisualStudioVersion = 10.0.40219.1
Project("{9A19103F-16F7-4668-BE54-9A1E7A4F7556}") = "FinancialControl", "FinancialControl\FinancialControl.csproj", "{BA681987-53DF-480E-B288-04D848F56466}"
EndProject
Project("{2150E333-8FDC-42A3-9474-1A3956D46DE8}") = "NewFolder1", "NewFolder1", "{36F63AA9-75B9-418F-B546-249293DA4CF6}"
EndProject
Global
	GlobalSection(SolutionConfigurationPlatforms) = preSolution
		Debug|Any CPU = Debug|Any CPU
		Release|Any CPU = Release|Any CPU
	EndGlobalSection
	GlobalSection(ProjectConfigurationPlatforms) = postSolution
		{BA681987-53DF-480E-B288-04D848F56466}.Debug|Any CPU.ActiveCfg = Debug|Any CPU
		{BA681987-53DF-480E-B288-04D848F56466}.Debug|Any CPU.Build.0 = Debug|Any CPU
		{BA681987-53DF-480E-B288-04D848F56466}.Release|Any CPU.ActiveCfg = Release|Any CPU
		{BA681987-53DF-480E-B288-04D848F56466}.Release|Any CPU.Build.0 = Release|Any CPU
	EndGlobalSection
	GlobalSection(SolutionProperties) = preSolution
		HideSolutionNode = FALSE
	EndGlobalSection
	GlobalSection(ExtensibilityGlobals) = postSolution
		SolutionGuid = {C2FF7095-D33E-4556-BEB5-7A3068309598}
	EndGlobalSection
EndGlobal
